
Microsoft Visual Studio Solution File, Format Version 12.00
# Visual Studio Version 17
VisualStudioVersion = 17.14.36121.58 d17.14
MinimumVisualStudioVersion = 10.0.40219.1
Project("{FAE04EC0-301F-11D3-BF4B-00C04F79EFBC}") = "pag81ativ", "pag81ativ\pag81ativ.csproj", "{344FB6AB-6817-4FD7-9C80-4635A27D5923}"
EndProject
Global
	GlobalSection(SolutionConfigurationPlatforms) = preSolution
		Debug|Any CPU = Debug|Any CPU
		Release|Any CPU = Release|Any CPU
	EndGlobalSection
	GlobalSection(ProjectConfigurationPlatforms) = postSolution
		{344FB6AB-6817-4FD7-9C80-4635A27D5923}.Debug|Any CPU.ActiveCfg = Debug|Any CPU
		{344FB6AB-6817-4FD7-9C80-4635A27D5923}.Debug|Any CPU.Build.0 = Debug|Any CPU
		{344FB6AB-6817-4FD7-9C80-4635A27D5923}.Release|Any CPU.ActiveCfg = Release|Any CPU
		{344FB6AB-6817-4FD7-9C80-4635A27D5923}.Release|Any CPU.Build.0 = Release|Any CPU
	EndGlobalSection
	GlobalSection(SolutionProperties) = preSolution
		HideSolutionNode = FALSE
	EndGlobalSection
	GlobalSection(ExtensibilityGlobals) = postSolution
		SolutionGuid = {533A5C69-51C2-4BA9-AA8A-03590B9C4DEE}
	EndGlobalSection
EndGlobal
